
Microsoft Visual Studio Solution File, Format Version 12.00
# Visual Studio Version 16
VisualStudioVersion = 16.0.30002.166
MinimumVisualStudioVersion = 10.0.40219.1
Project("{FAE04EC0-301F-11D3-BF4B-00C04F79EFBC}") = "IngenicoEPayment", "IngenicoEPayment\IngenicoEPayment.csproj", "{38994194-DB8B-4210-B657-A0E06D0A6B02}"
EndProject
Global
	GlobalSection(SolutionConfigurationPlatforms) = preSolution
		Debug|Any CPU = Debug|Any CPU
		Release|Any CPU = Release|Any CPU
	EndGlobalSection
	GlobalSection(ProjectConfigurationPlatforms) = postSolution
		{38994194-DB8B-4210-B657-A0E06D0A6B02}.Debug|Any CPU.ActiveCfg = Debug|Any CPU
		{38994194-DB8B-4210-B657-A0E06D0A6B02}.Debug|Any CPU.Build.0 = Debug|Any CPU
		{38994194-DB8B-4210-B657-A0E06D0A6B02}.Release|Any CPU.ActiveCfg = Release|Any CPU
		{38994194-DB8B-4210-B657-A0E06D0A6B02}.Release|Any CPU.Build.0 = Release|Any CPU
	EndGlobalSection
	GlobalSection(SolutionProperties) = preSolution
		HideSolutionNode = FALSE
	EndGlobalSection
	GlobalSection(ExtensibilityGlobals) = postSolution
		SolutionGuid = {CEA6C0E8-F258-43F1-9A40-651F0B523A16}
	EndGlobalSection
EndGlobal
